{
  "name": "@zakkster/lite-crdt",
  "version": "1.1.0",
  "lockfileVersion": 3,
  "requires": true,
  "packages": {
    "": {
      "name": "@zakkster/lite-crdt",
      "version": "1.1.0",
      "license": "MIT",
      "devDependencies": {
        "@zakkster/lite-channel": "^1.0.1",
        "@zakkster/lite-signal": "^1.4.0",
        "@zakkster/lite-store": "^1.2.0"
      },
      "engines": {
        "node": ">=18"
      },
      "funding": {
        "type": "github",
        "url": "https://github.com/sponsors/PeshoVurtoleta"
      },
      "peerDependencies": {
        "@zakkster/lite-signal": "^1.1.5",
        "@zakkster/lite-store": "^1.2.0"
      }
    },
    "node_modules/@zakkster/lite-channel": {
      "version": "1.0.1",
      "resolved": "https://registry.npmjs.org/@zakkster/lite-channel/-/lite-channel-1.0.1.tgz",
      "integrity": "sha512-4Z07S4LupyYaZ8W1c2t+bITKXXwflGAHYWhRtfaMtXAAmD8QWJsxm8w/vf/1Nc88eu3x5c7thQYM2hOKranxHQ==",
      "dev": true,
      "license": "MIT",
      "engines": {
        "node": ">=18"
      },
      "peerDependencies": {
        "@zakkster/lite-signal": "^1.1.2"
      }
    },
    "node_modules/@zakkster/lite-signal": {
      "version": "1.4.0",
      "resolved": "https://registry.npmjs.org/@zakkster/lite-signal/-/lite-signal-1.4.0.tgz",
      "integrity": "sha512-ZMsMTrG8GphiOhTA7uUx4TsHDpuLmYcU6H0pI6blC06hxOJFmJuYvCZwFU8u3TnttKN4wvi8eryz6I9QviqloA==",
      "dev": true,
      "license": "MIT",
      "engines": {
        "node": ">=18"
      },
      "funding": {
        "type": "github",
        "url": "https://github.com/sponsors/PeshoVurtoleta"
      }
    },
    "node_modules/@zakkster/lite-store": {
      "version": "1.2.0",
      "resolved": "https://registry.npmjs.org/@zakkster/lite-store/-/lite-store-1.2.0.tgz",
      "integrity": "sha512-Gtzm+UDq9HrXUcE2N9iYGMZzH/Qmr9mgQS4iO82nHE0OFq+MaN/PujmGnvoRnxiVFaR6UzByowtpJszSskfF8g==",
      "dev": true,
      "license": "MIT",
      "engines": {
        "node": ">=18"
      },
      "peerDependencies": {
        "@zakkster/lite-signal": "^1.1.3"
      }
    }
  }
}
